
Microsoft Visual Studio Solution File, Format Version 12.00
# Visual Studio Version 16
VisualStudioVersion = 16.0.28803.202
MinimumVisualStudioVersion = 10.0.40219.1
Project("{8BC9CEB8-8B4A-11D0-8D11-00A0C91BC942}") = "Hello_world", "Hello_world\Hello_world.vcxproj", "{21DDE557-E760-43CD-AF45-AC627309AE59}"
EndProject
Project("{8BC9CEB8-8B4A-11D0-8D11-00A0C91BC942}") = "utilize_basic_IDE_function", "utilize_basic_IDE_function\utilize_basic_IDE_function.vcxproj", "{ACEE5013-5BB0-4970-9DC7-5C596685F92F}"
EndProject
Project("{2150E333-8FDC-42A3-9474-1A3956D46DE8}") = "Solution Items", "Solution Items", "{EB752420-D3CF-4143-8D70-2C09AFAE0A6B}"
	ProjectSection(SolutionItems) = preProject
		basic_Template.c = basic_Template.c
	EndProjectSection
EndProject
Project("{8BC9CEB8-8B4A-11D0-8D11-00A0C91BC942}") = "Debug_practice", "Debug_practice\Debug_practice.vcxproj", "{4B046F61-7BB4-4532-82C4-C4DC75F9A595}"
EndProject
Project("{2150E333-8FDC-42A3-9474-1A3956D46DE8}") = "Warehouse", "Warehouse", "{9036D484-1127-4733-BFD9-C01ACD588E41}"
	ProjectSection(SolutionItems) = preProject
		..\..\iot_bigdata\C_Study_basic\1_CLI\3_function\2_precaution\1_t_return_without_value.c = ..\..\iot_bigdata\C_Study_basic\1_CLI\3_function\2_precaution\1_t_return_without_value.c
		..\..\iot_bigdata\C_Study_basic\1_CLI\3_function\2_precaution\2_t_function_proto_type.c = ..\..\iot_bigdata\C_Study_basic\1_CLI\3_function\2_precaution\2_t_function_proto_type.c
		..\..\iot_bigdata\C_Study_basic\1_CLI\3_function\2_precaution\3_t_function_proto_type2.c = ..\..\iot_bigdata\C_Study_basic\1_CLI\3_function\2_precaution\3_t_function_proto_type2.c
		..\..\iot_bigdata\C_Study_basic\1_CLI\3_function\2_precaution\4_t_function_proto_type3.c = ..\..\iot_bigdata\C_Study_basic\1_CLI\3_function\2_precaution\4_t_function_proto_type3.c
		..\..\iot_bigdata\C_Study_basic\1_CLI\3_function\2_precaution\5_multi_return.c = ..\..\iot_bigdata\C_Study_basic\1_CLI\3_function\2_precaution\5_multi_return.c
		..\..\iot_bigdata\C_Study_basic\1_CLI\3_function\2_precaution\6_219_AbsoCompare.c = ..\..\iot_bigdata\C_Study_basic\1_CLI\3_function\2_precaution\6_219_AbsoCompare.c
		..\..\iot_bigdata\C_Study_basic\1_CLI\3_function\2_precaution\7_t_word_spacing.c = ..\..\iot_bigdata\C_Study_basic\1_CLI\3_function\2_precaution\7_t_word_spacing.c
		..\..\iot_bigdata\C_Study_basic\1_CLI\3_function\2_precaution\q1.c = ..\..\iot_bigdata\C_Study_basic\1_CLI\3_function\2_precaution\q1.c
		..\..\iot_bigdata\C_Study_basic\1_CLI\3_function\2_precaution\q2.c = ..\..\iot_bigdata\C_Study_basic\1_CLI\3_function\2_precaution\q2.c
		..\..\iot_bigdata\C_Study_basic\1_CLI\3_function\2_precaution\q3.c = ..\..\iot_bigdata\C_Study_basic\1_CLI\3_function\2_precaution\q3.c
		..\..\iot_bigdata\C_Study_basic\1_CLI\3_function\2_precaution\q4.c = ..\..\iot_bigdata\C_Study_basic\1_CLI\3_function\2_precaution\q4.c
		..\..\iot_bigdata\C_Study_basic\1_CLI\3_function\2_precaution\q5.c = ..\..\iot_bigdata\C_Study_basic\1_CLI\3_function\2_precaution\q5.c
	EndProjectSection
EndProject
Project("{8BC9CEB8-8B4A-11D0-8D11-00A0C91BC942}") = "Add_Existed_files", "Add_Existed_files\Add_Existed_files.vcxproj", "{44BC6A94-F91C-4A90-BB1C-C2285E044A84}"
EndProject
Global
	GlobalSection(SolutionConfigurationPlatforms) = preSolution
		Debug|x64 = Debug|x64
		Debug|x86 = Debug|x86
		Release|x64 = Release|x64
		Release|x86 = Release|x86
	EndGlobalSection
	GlobalSection(ProjectConfigurationPlatforms) = postSolution
		{21DDE557-E760-43CD-AF45-AC627309AE59}.Debug|x64.ActiveCfg = Debug|x64
		{21DDE557-E760-43CD-AF45-AC627309AE59}.Debug|x64.Build.0 = Debug|x64
		{21DDE557-E760-43CD-AF45-AC627309AE59}.Debug|x86.ActiveCfg = Debug|Win32
		{21DDE557-E760-43CD-AF45-AC627309AE59}.Debug|x86.Build.0 = Debug|Win32
		{21DDE557-E760-43CD-AF45-AC627309AE59}.Release|x64.ActiveCfg = Release|x64
		{21DDE557-E760-43CD-AF45-AC627309AE59}.Release|x64.Build.0 = Release|x64
		{21DDE557-E760-43CD-AF45-AC627309AE59}.Release|x86.ActiveCfg = Release|Win32
		{21DDE557-E760-43CD-AF45-AC627309AE59}.Release|x86.Build.0 = Release|Win32
		{ACEE5013-5BB0-4970-9DC7-5C596685F92F}.Debug|x64.ActiveCfg = Debug|x64
		{ACEE5013-5BB0-4970-9DC7-5C596685F92F}.Debug|x64.Build.0 = Debug|x64
		{ACEE5013-5BB0-4970-9DC7-5C596685F92F}.Debug|x86.ActiveCfg = Debug|Win32
		{ACEE5013-5BB0-4970-9DC7-5C596685F92F}.Debug|x86.Build.0 = Debug|Win32
		{ACEE5013-5BB0-4970-9DC7-5C596685F92F}.Release|x64.ActiveCfg = Release|x64
		{ACEE5013-5BB0-4970-9DC7-5C596685F92F}.Release|x64.Build.0 = Release|x64
		{ACEE5013-5BB0-4970-9DC7-5C596685F92F}.Release|x86.ActiveCfg = Release|Win32
		{ACEE5013-5BB0-4970-9DC7-5C596685F92F}.Release|x86.Build.0 = Release|Win32
		{4B046F61-7BB4-4532-82C4-C4DC75F9A595}.Debug|x64.ActiveCfg = Debug|x64
		{4B046F61-7BB4-4532-82C4-C4DC75F9A595}.Debug|x64.Build.0 = Debug|x64
		{4B046F61-7BB4-4532-82C4-C4DC75F9A595}.Debug|x86.ActiveCfg = Debug|Win32
		{4B046F61-7BB4-4532-82C4-C4DC75F9A595}.Debug|x86.Build.0 = Debug|Win32
		{4B046F61-7BB4-4532-82C4-C4DC75F9A595}.Release|x64.ActiveCfg = Release|x64
		{4B046F61-7BB4-4532-82C4-C4DC75F9A595}.Release|x64.Build.0 = Release|x64
		{4B046F61-7BB4-4532-82C4-C4DC75F9A595}.Release|x86.ActiveCfg = Release|Win32
		{4B046F61-7BB4-4532-82C4-C4DC75F9A595}.Release|x86.Build.0 = Release|Win32
		{44BC6A94-F91C-4A90-BB1C-C2285E044A84}.Debug|x64.ActiveCfg = Debug|x64
		{44BC6A94-F91C-4A90-BB1C-C2285E044A84}.Debug|x64.Build.0 = Debug|x64
		{44BC6A94-F91C-4A90-BB1C-C2285E044A84}.Debug|x86.ActiveCfg = Debug|Win32
		{44BC6A94-F91C-4A90-BB1C-C2285E044A84}.Debug|x86.Build.0 = Debug|Win32
		{44BC6A94-F91C-4A90-BB1C-C2285E044A84}.Release|x64.ActiveCfg = Release|x64
		{44BC6A94-F91C-4A90-BB1C-C2285E044A84}.Release|x64.Build.0 = Release|x64
		{44BC6A94-F91C-4A90-BB1C-C2285E044A84}.Release|x86.ActiveCfg = Release|Win32
		{44BC6A94-F91C-4A90-BB1C-C2285E044A84}.Release|x86.Build.0 = Release|Win32
	EndGlobalSection
	GlobalSection(SolutionProperties) = preSolution
		HideSolutionNode = FALSE
	EndGlobalSection
	GlobalSection(ExtensibilityGlobals) = postSolution
		SolutionGuid = {0628002E-EA87-42D7-8572-1C38ED195FAC}
	EndGlobalSection
EndGlobal
